# THIS IS AN AUTOGENERATED FILE. DO NOT EDIT THIS FILE DIRECTLY.
# yarn lockfile v1


"@emnapi/core@^1.4.3":
  version "1.4.3"
  resolved "https://registry.yarnpkg.com/@emnapi/core/-/core-1.4.3.tgz#9ac52d2d5aea958f67e52c40a065f51de59b77d6"
  integrity sha512-4m62DuCE07lw01soJwPiBGC0nAww0Q+RY70VZ+n49yDIO13yyinhbWCeNnaob0lakDtWQzSdtNWzJeOJt2ma+g==
  dependencies:
    "@emnapi/wasi-threads" "1.0.2"
    tslib "^2.4.0"

"@emnapi/runtime@^1.4.3":
  version "1.4.3"
  resolved "https://registry.yarnpkg.com/@emnapi/runtime/-/runtime-1.4.3.tgz#c0564665c80dc81c448adac23f9dfbed6c838f7d"
  integrity sha512-pBPWdu6MLKROBX05wSNKcNb++m5Er+KQ9QkB+WVM+pW2Kx9hoSrVTnu3BdkI5eBLZoKu/J6mW/B6i6bJB2ytXQ==
  dependencies:
    tslib "^2.4.0"

"@emnapi/wasi-threads@1.0.2":
  version "1.0.2"
  resolved "https://registry.yarnpkg.com/@emnapi/wasi-threads/-/wasi-threads-1.0.2.tgz#977f44f844eac7d6c138a415a123818c655f874c"
  integrity sha512-5n3nTJblwRi8LlXkJ9eBzu+kZR8Yxcc7ubakyQTFzPMtIhFpUBRbsnc2Dv88IZDIbCDlBiWrknhB4Lsz7mg6BA==
  dependencies:
    tslib "^2.4.0"

"@napi-rs/wasm-runtime@^0.2.4":
  version "0.2.10"
  resolved "https://registry.yarnpkg.com/@napi-rs/wasm-runtime/-/wasm-runtime-0.2.10.tgz#f3b7109419c6670000b2401e0c778b98afc25f84"
  integrity sha512-bCsCyeZEwVErsGmyPNSzwfwFn4OdxBj0mmv6hOFucB/k81Ojdu68RbZdxYsRQUPc9l6SU5F/cG+bXgWs3oUgsQ==
  dependencies:
    "@emnapi/core" "^1.4.3"
    "@emnapi/runtime" "^1.4.3"
    "@tybys/wasm-util" "^0.9.0"

"@oxc-project/runtime@0.72.1":
  version "0.72.1"
  resolved "https://registry.yarnpkg.com/@oxc-project/runtime/-/runtime-0.72.1.tgz#4ac3543b113578dcfd16b09ae4236cdefce5e7f0"
  integrity sha512-8nU/WPeJWF6QJrT8HtEEIojz26bXn677deDX8BDVpjcz97CVKORVAvFhE2/lfjnBYE0+aqmjFeD17YnJQpCyqg==

"@oxc-project/types@0.72.1":
  version "0.72.1"
  resolved "https://registry.yarnpkg.com/@oxc-project/types/-/types-0.72.1.tgz#a0a848ec3316f1f8bad30f64dfc07f6718d0a5e8"
  integrity sha512-qlvcDuCjISt4W7Izw0i5+GS3zCKJLXkoNDEc+E4ploage35SlZqxahpdKbHDX8uD70KDVNYWtupsHoNETy5kPQ==

"@rolldown/binding-darwin-arm64@1.0.0-beta.10-commit.ac4e5db":
  version "1.0.0-beta.10-commit.ac4e5db"
  resolved "https://registry.yarnpkg.com/@rolldown/binding-darwin-arm64/-/binding-darwin-arm64-1.0.0-beta.10-commit.ac4e5db.tgz#4cd38a868ed7215df2d50d1255495ae7176de640"
  integrity sha512-XYh8ZKM/N06Lo5EDNLE03RHLua7H7A6qX+SA3mD9Y2EF8bv/FMV5048W1W2G37v09MmzfOA+QlafrncKBSQrYA==

"@rolldown/binding-darwin-x64@1.0.0-beta.10-commit.ac4e5db":
  version "1.0.0-beta.10-commit.ac4e5db"
  resolved "https://registry.yarnpkg.com/@rolldown/binding-darwin-x64/-/binding-darwin-x64-1.0.0-beta.10-commit.ac4e5db.tgz#50e6ef803f25fdf00aba60892427dafa7e69fe4f"
  integrity sha512-C5+kxk1XzVI1/qtm4jGLNABPrXtv29VuqCt0/KsvOFal//GOGrV41OgSShSH8wlba6sI9gWQGJ1ip7U/dtaMzA==

"@rolldown/binding-freebsd-x64@1.0.0-beta.10-commit.ac4e5db":
  version "1.0.0-beta.10-commit.ac4e5db"
  resolved "https://registry.yarnpkg.com/@rolldown/binding-freebsd-x64/-/binding-freebsd-x64-1.0.0-beta.10-commit.ac4e5db.tgz#cd0a76738e53181c5ec7264c5f3bf5f0ca6f024f"
  integrity sha512-l2iOSVNC9/KgOyi1/w/R/Nrpl8AaPNuRPrLSceYfj+zE/gqkfKlSkkCXOrq8/vtYMwR9dlKZsobj/H8QCD3EKA==

"@rolldown/binding-linux-arm-gnueabihf@1.0.0-beta.10-commit.ac4e5db":
  version "1.0.0-beta.10-commit.ac4e5db"
  resolved "https://registry.yarnpkg.com/@rolldown/binding-linux-arm-gnueabihf/-/binding-linux-arm-gnueabihf-1.0.0-beta.10-commit.ac4e5db.tgz#9076db47fe4032110698a5bb60c3f66008a5e25e"
  integrity sha512-rwu5mZCn715kz66OvSkgJgOh+sEDXBk3On+LjiDAnfpFW5uqwPKzq5sUP8bf3M6Sc71ULctuubuX4fj0hZfu2Q==

"@rolldown/binding-linux-arm64-gnu@1.0.0-beta.10-commit.ac4e5db":
  version "1.0.0-beta.10-commit.ac4e5db"
  resolved "https://registry.yarnpkg.com/@rolldown/binding-linux-arm64-gnu/-/binding-linux-arm64-gnu-1.0.0-beta.10-commit.ac4e5db.tgz#fb838ee0f9366c7ea5cb423894be9dada818b4a7"
  integrity sha512-PkODwytxczUUTW/TJWaXefx+J0fzU0MoBmzMCYEhEJ13p5iUCQWx11GTQgVun1d6fdeUXUSxxQW4xzrtU8rHcQ==

"@rolldown/binding-linux-arm64-musl@1.0.0-beta.10-commit.ac4e5db":
  version "1.0.0-beta.10-commit.ac4e5db"
  resolved "https://registry.yarnpkg.com/@rolldown/binding-linux-arm64-musl/-/binding-linux-arm64-musl-1.0.0-beta.10-commit.ac4e5db.tgz#77e02d24c1561b87d43f93e73a1b447145e6f57c"
  integrity sha512-jIAQpCu3+nFAAGnpTMYx8y74xNFO3sJ8Zeb0kdgROTszIO44sG/CTJp2Q1ukS1ode4QpLZHJrlQXO31B4cBrxg==

"@rolldown/binding-linux-x64-gnu@1.0.0-beta.10-commit.ac4e5db":
  version "1.0.0-beta.10-commit.ac4e5db"
  resolved "https://registry.yarnpkg.com/@rolldown/binding-linux-x64-gnu/-/binding-linux-x64-gnu-1.0.0-beta.10-commit.ac4e5db.tgz#889e69c360b3486663cecd71b4fa4f5eef098ded"
  integrity sha512-Q/AHQcqLFFhAUVOmGCt2OlbIJqoLnVy/eWbuHhpBj04t6EDj1j18iCa8PCxg2taQsnyy5zWpPIdooLnDRUwdYA==

"@rolldown/binding-linux-x64-musl@1.0.0-beta.10-commit.ac4e5db":
  version "1.0.0-beta.10-commit.ac4e5db"
  resolved "https://registry.yarnpkg.com/@rolldown/binding-linux-x64-musl/-/binding-linux-x64-musl-1.0.0-beta.10-commit.ac4e5db.tgz#cca27dae6317859431a94d01b120ba4307577255"
  integrity sha512-u45mHnZ/knae76ju6+q8QzF1GVrgohPLG4yvT0PTwOC0Poyy3VUUevI7rsVguiuhvcefIYKz8XaEp0m/4YwoQA==

"@rolldown/binding-wasm32-wasi@1.0.0-beta.10-commit.ac4e5db":
  version "1.0.0-beta.10-commit.ac4e5db"
  resolved "https://registry.yarnpkg.com/@rolldown/binding-wasm32-wasi/-/binding-wasm32-wasi-1.0.0-beta.10-commit.ac4e5db.tgz#a8fda1fec435d972e0aba9cfa83b4ba68bf2d342"
  integrity sha512-ElwqIjLrNI/xhU9uCbLVF5ikiB4jKDUXXus0HBSrC0rxjADZNmqMZxDlg0LSVOdJNPJFTmf8keRrUz1/tA/Tyg==
  dependencies:
    "@napi-rs/wasm-runtime" "^0.2.4"

"@rolldown/binding-win32-arm64-msvc@1.0.0-beta.10-commit.ac4e5db":
  version "1.0.0-beta.10-commit.ac4e5db"
  resolved "https://registry.yarnpkg.com/@rolldown/binding-win32-arm64-msvc/-/binding-win32-arm64-msvc-1.0.0-beta.10-commit.ac4e5db.tgz#136aac378231defa4fefe912c7cce6c2b8db25f4"
  integrity sha512-/iry4Jxg7WPA/kiBiooFkGaRuU/0J/KF/1o0JepJ+BshhKM6sMfS0mGAtyEto/IapA/NcoWx4K4QlDNyCIGghA==

"@rolldown/binding-win32-ia32-msvc@1.0.0-beta.10-commit.ac4e5db":
  version "1.0.0-beta.10-commit.ac4e5db"
  resolved "https://registry.yarnpkg.com/@rolldown/binding-win32-ia32-msvc/-/binding-win32-ia32-msvc-1.0.0-beta.10-commit.ac4e5db.tgz#d99ab7fd22d6dfa05a36293d4dd1255d06583fa9"
  integrity sha512-CFZZZoYTUGP/Ivd8xLOMnioAbzLGXBNX4ZS8xgvlM01uWjSdE+bFwb4r7bfPGz3j/2Qz/wLr/isfOTXX/KSGqQ==

"@rolldown/binding-win32-x64-msvc@1.0.0-beta.10-commit.ac4e5db":
  version "1.0.0-beta.10-commit.ac4e5db"
  resolved "https://registry.yarnpkg.com/@rolldown/binding-win32-x64-msvc/-/binding-win32-x64-msvc-1.0.0-beta.10-commit.ac4e5db.tgz#b59e349979b0d2fe78699c8cdda1f9028b0f1196"
  integrity sha512-S08VqVD95gM6tJ3vq11GP01uA21jE/aXc0EAt6bLm+CbaKTtrE8sjOxftqTpF+RCMiDP2alqMXgWTzIGXbAiRw==

"@rolldown/pluginutils@1.0.0-beta.10-commit.ac4e5db":
  version "1.0.0-beta.10-commit.ac4e5db"
  resolved "https://registry.yarnpkg.com/@rolldown/pluginutils/-/pluginutils-1.0.0-beta.10-commit.ac4e5db.tgz#15339d0d4c83281db4fbc61303bb442c685cfb6e"
  integrity sha512-NQOrTZGpcq9uHF7BEP4rFH73JuUrvFhKjs8vLaE9pCFCEl5GVrhdaLXNtQp0zIK1AjZIvS9cdlqTvU7XRrzqqw==

"@tybys/wasm-util@^0.9.0":
  version "0.9.0"
  resolved "https://registry.yarnpkg.com/@tybys/wasm-util/-/wasm-util-0.9.0.tgz#3e75eb00604c8d6db470bf18c37b7d984a0e3355"
  integrity sha512-6+7nlbMVX/PVDCwaIQ8nTOPveOcFLSt8GcXdx8hD0bt39uWxYT88uXzqTd4fTvqta7oeUJqudepapKNt2DYJFw==
  dependencies:
    tslib "^2.4.0"

ansis@^4.0.0:
  version "4.1.0"
  resolved "https://registry.yarnpkg.com/ansis/-/ansis-4.1.0.tgz#cd43ecd3f814f37223e518291c0e0b04f2915a0d"
  integrity sha512-BGcItUBWSMRgOCe+SVZJ+S7yTRG0eGt9cXAHev72yuGcY23hnLA7Bky5L/xLyPINoSN95geovfBkqoTlNZYa7w==

detect-libc@^2.0.3:
  version "2.0.4"
  resolved "https://registry.yarnpkg.com/detect-libc/-/detect-libc-2.0.4.tgz#f04715b8ba815e53b4d8109655b6508a6865a7e8"
  integrity sha512-3UDv+G9CsCKO1WKMGw9fwq/SWJYbI0c5Y7LU1AXYoDdbhE2AHQ6N6Nb34sG8Fj7T5APy8qXDCKuuIHd1BR0tVA==

fdir@^6.4.4:
  version "6.4.5"
  resolved "https://registry.yarnpkg.com/fdir/-/fdir-6.4.5.tgz#328e280f3a23699362f95f2e82acf978a0c0cb49"
  integrity sha512-4BG7puHpVsIYxZUbiUE3RqGloLaSSwzYie5jvasC4LWuBWzZawynvYouhjbQKw2JuIGYdm0DzIxl8iVidKlUEw==

fsevents@~2.3.3:
  version "2.3.3"
  resolved "https://registry.yarnpkg.com/fsevents/-/fsevents-2.3.3.tgz#cac6407785d03675a2a5e1a5305c697b347d90d6"
  integrity sha512-5xoDfX+fL7faATnagmWPpbFtwh/R77WmMMqqHGS65C3vvB0YHrgF+B1YmZ3441tMj5n63k0212XNoJwzlhffQw==

lightningcss-darwin-arm64@1.30.1:
  version "1.30.1"
  resolved "https://registry.yarnpkg.com/lightningcss-darwin-arm64/-/lightningcss-darwin-arm64-1.30.1.tgz#3d47ce5e221b9567c703950edf2529ca4a3700ae"
  integrity sha512-c8JK7hyE65X1MHMN+Viq9n11RRC7hgin3HhYKhrMyaXflk5GVplZ60IxyoVtzILeKr+xAJwg6zK6sjTBJ0FKYQ==

lightningcss-darwin-x64@1.30.1:
  version "1.30.1"
  resolved "https://registry.yarnpkg.com/lightningcss-darwin-x64/-/lightningcss-darwin-x64-1.30.1.tgz#e81105d3fd6330860c15fe860f64d39cff5fbd22"
  integrity sha512-k1EvjakfumAQoTfcXUcHQZhSpLlkAuEkdMBsI/ivWw9hL+7FtilQc0Cy3hrx0AAQrVtQAbMI7YjCgYgvn37PzA==

lightningcss-freebsd-x64@1.30.1:
  version "1.30.1"
  resolved "https://registry.yarnpkg.com/lightningcss-freebsd-x64/-/lightningcss-freebsd-x64-1.30.1.tgz#a0e732031083ff9d625c5db021d09eb085af8be4"
  integrity sha512-kmW6UGCGg2PcyUE59K5r0kWfKPAVy4SltVeut+umLCFoJ53RdCUWxcRDzO1eTaxf/7Q2H7LTquFHPL5R+Gjyig==

lightningcss-linux-arm-gnueabihf@1.30.1:
  version "1.30.1"
  resolved "https://registry.yarnpkg.com/lightningcss-linux-arm-gnueabihf/-/lightningcss-linux-arm-gnueabihf-1.30.1.tgz#1f5ecca6095528ddb649f9304ba2560c72474908"
  integrity sha512-MjxUShl1v8pit+6D/zSPq9S9dQ2NPFSQwGvxBCYaBYLPlCWuPh9/t1MRS8iUaR8i+a6w7aps+B4N0S1TYP/R+Q==

lightningcss-linux-arm64-gnu@1.30.1:
  version "1.30.1"
  resolved "https://registry.yarnpkg.com/lightningcss-linux-arm64-gnu/-/lightningcss-linux-arm64-gnu-1.30.1.tgz#eee7799726103bffff1e88993df726f6911ec009"
  integrity sha512-gB72maP8rmrKsnKYy8XUuXi/4OctJiuQjcuqWNlJQ6jZiWqtPvqFziskH3hnajfvKB27ynbVCucKSm2rkQp4Bw==

lightningcss-linux-arm64-musl@1.30.1:
  version "1.30.1"
  resolved "https://registry.yarnpkg.com/lightningcss-linux-arm64-musl/-/lightningcss-linux-arm64-musl-1.30.1.tgz#f2e4b53f42892feeef8f620cbb889f7c064a7dfe"
  integrity sha512-jmUQVx4331m6LIX+0wUhBbmMX7TCfjF5FoOH6SD1CttzuYlGNVpA7QnrmLxrsub43ClTINfGSYyHe2HWeLl5CQ==

lightningcss-linux-x64-gnu@1.30.1:
  version "1.30.1"
  resolved "https://registry.yarnpkg.com/lightningcss-linux-x64-gnu/-/lightningcss-linux-x64-gnu-1.30.1.tgz#2fc7096224bc000ebb97eea94aea248c5b0eb157"
  integrity sha512-piWx3z4wN8J8z3+O5kO74+yr6ze/dKmPnI7vLqfSqI8bccaTGY5xiSGVIJBDd5K5BHlvVLpUB3S2YCfelyJ1bw==

lightningcss-linux-x64-musl@1.30.1:
  version "1.30.1"
  resolved "https://registry.yarnpkg.com/lightningcss-linux-x64-musl/-/lightningcss-linux-x64-musl-1.30.1.tgz#66dca2b159fd819ea832c44895d07e5b31d75f26"
  integrity sha512-rRomAK7eIkL+tHY0YPxbc5Dra2gXlI63HL+v1Pdi1a3sC+tJTcFrHX+E86sulgAXeI7rSzDYhPSeHHjqFhqfeQ==

lightningcss-win32-arm64-msvc@1.30.1:
  version "1.30.1"
  resolved "https://registry.yarnpkg.com/lightningcss-win32-arm64-msvc/-/lightningcss-win32-arm64-msvc-1.30.1.tgz#7d8110a19d7c2d22bfdf2f2bb8be68e7d1b69039"
  integrity sha512-mSL4rqPi4iXq5YVqzSsJgMVFENoa4nGTT/GjO2c0Yl9OuQfPsIfncvLrEW6RbbB24WtZ3xP/2CCmI3tNkNV4oA==

lightningcss-win32-x64-msvc@1.30.1:
  version "1.30.1"
  resolved "https://registry.yarnpkg.com/lightningcss-win32-x64-msvc/-/lightningcss-win32-x64-msvc-1.30.1.tgz#fd7dd008ea98494b85d24b4bea016793f2e0e352"
  integrity sha512-PVqXh48wh4T53F/1CCu8PIPCxLzWyCnn/9T5W1Jpmdy5h9Cwd+0YQS6/LwhHXSafuc61/xg9Lv5OrCby6a++jg==

lightningcss@^1.30.0:
  version "1.30.1"
  resolved "https://registry.yarnpkg.com/lightningcss/-/lightningcss-1.30.1.tgz#78e979c2d595bfcb90d2a8c0eb632fe6c5bfed5d"
  integrity sha512-xi6IyHML+c9+Q3W0S4fCQJOym42pyurFiJUHEcEyHS0CeKzia4yZDEsLlqOFykxOdHpNy0NmvVO31vcSqAxJCg==
  dependencies:
    detect-libc "^2.0.3"
  optionalDependencies:
    lightningcss-darwin-arm64 "1.30.1"
    lightningcss-darwin-x64 "1.30.1"
    lightningcss-freebsd-x64 "1.30.1"
    lightningcss-linux-arm-gnueabihf "1.30.1"
    lightningcss-linux-arm64-gnu "1.30.1"
    lightningcss-linux-arm64-musl "1.30.1"
    lightningcss-linux-x64-gnu "1.30.1"
    lightningcss-linux-x64-musl "1.30.1"
    lightningcss-win32-arm64-msvc "1.30.1"
    lightningcss-win32-x64-msvc "1.30.1"

nanoid@^3.3.8:
  version "3.3.11"
  resolved "https://registry.yarnpkg.com/nanoid/-/nanoid-3.3.11.tgz#4f4f112cefbe303202f2199838128936266d185b"
  integrity sha512-N8SpfPUnUp1bK+PMYW8qSWdl9U+wwNWI4QKxOYDy9JAro3WMX7p2OeVRF9v+347pnakNevPmiHhNmZ2HbFA76w==

picocolors@^1.1.1:
  version "1.1.1"
  resolved "https://registry.yarnpkg.com/picocolors/-/picocolors-1.1.1.tgz#3d321af3eab939b083c8f929a1d12cda81c26b6b"
  integrity sha512-xceH2snhtb5M9liqDsmEw56le376mTZkEX/jEb/RxNFyegNul7eNslCXP9FDj/Lcu0X8KEyMceP2ntpaHrDEVA==

picomatch@^4.0.2:
  version "4.0.2"
  resolved "https://registry.yarnpkg.com/picomatch/-/picomatch-4.0.2.tgz#77c742931e8f3b8820946c76cd0c1f13730d1dab"
  integrity sha512-M7BAV6Rlcy5u+m6oPhAPFgJTzAioX/6B0DxyvDlo9l8+T3nLKbrczg2WLUyzd45L8RqfUMyGPzekbMvX2Ldkwg==

postcss@^8.5.3:
  version "8.5.3"
  resolved "https://registry.yarnpkg.com/postcss/-/postcss-8.5.3.tgz#1463b6f1c7fb16fe258736cba29a2de35237eafb"
  integrity sha512-dle9A3yYxlBSrt8Fu+IpjGT8SY8hN0mlaA6GY8t0P5PjIOZemULz/E2Bnm/2dcUOena75OTNkHI76uZBNUUq3A==
  dependencies:
    nanoid "^3.3.8"
    picocolors "^1.1.1"
    source-map-js "^1.2.1"

rolldown@1.0.0-beta.10-commit.ac4e5db:
  version "1.0.0-beta.10-commit.ac4e5db"
  resolved "https://registry.yarnpkg.com/rolldown/-/rolldown-1.0.0-beta.10-commit.ac4e5db.tgz#bf0ab5405d3ac7c5723c895cdcc43f9a1e2e700a"
  integrity sha512-3hmDtg0wTTvwXaaGroAfym7F1AAhb8VP16MlnH/qGivwNy2SfHJar+bpRX+lnHxhbMfAWRw2m+rzCuZTrGvdlQ==
  dependencies:
    "@oxc-project/runtime" "0.72.1"
    "@oxc-project/types" "0.72.1"
    "@rolldown/pluginutils" "1.0.0-beta.10-commit.ac4e5db"
    ansis "^4.0.0"
  optionalDependencies:
    "@rolldown/binding-darwin-arm64" "1.0.0-beta.10-commit.ac4e5db"
    "@rolldown/binding-darwin-x64" "1.0.0-beta.10-commit.ac4e5db"
    "@rolldown/binding-freebsd-x64" "1.0.0-beta.10-commit.ac4e5db"
    "@rolldown/binding-linux-arm-gnueabihf" "1.0.0-beta.10-commit.ac4e5db"
    "@rolldown/binding-linux-arm64-gnu" "1.0.0-beta.10-commit.ac4e5db"
    "@rolldown/binding-linux-arm64-musl" "1.0.0-beta.10-commit.ac4e5db"
    "@rolldown/binding-linux-x64-gnu" "1.0.0-beta.10-commit.ac4e5db"
    "@rolldown/binding-linux-x64-musl" "1.0.0-beta.10-commit.ac4e5db"
    "@rolldown/binding-wasm32-wasi" "1.0.0-beta.10-commit.ac4e5db"
    "@rolldown/binding-win32-arm64-msvc" "1.0.0-beta.10-commit.ac4e5db"
    "@rolldown/binding-win32-ia32-msvc" "1.0.0-beta.10-commit.ac4e5db"
    "@rolldown/binding-win32-x64-msvc" "1.0.0-beta.10-commit.ac4e5db"

source-map-js@^1.2.1:
  version "1.2.1"
  resolved "https://registry.yarnpkg.com/source-map-js/-/source-map-js-1.2.1.tgz#1ce5650fddd87abc099eda37dcff024c2667ae46"
  integrity sha512-UXWMKhLOwVKb728IUtQPXxfYU+usdybtUrK/8uGE8CQMvrhOpwvzDBwj0QhSL7MQc7vIsISBG8VQ8+IDQxpfQA==

tinyglobby@^0.2.13:
  version "0.2.14"
  resolved "https://registry.yarnpkg.com/tinyglobby/-/tinyglobby-0.2.14.tgz#5280b0cf3f972b050e74ae88406c0a6a58f4079d"
  integrity sha512-tX5e7OM1HnYr2+a2C/4V0htOcSQcoSTH9KgJnVvNm5zm/cyEWKJ7j7YutsH9CxMdtOkkLFy2AHrMci9IM8IPZQ==
  dependencies:
    fdir "^6.4.4"
    picomatch "^4.0.2"

tslib@^2.4.0:
  version "2.8.1"
  resolved "https://registry.yarnpkg.com/tslib/-/tslib-2.8.1.tgz#612efe4ed235d567e8aba5f2a5fab70280ade83f"
  integrity sha512-oJFu94HQb+KVduSUQL7wnpmqnfmLsOA/nAh6b6EH0wCEoK0/mPeXU6c3wKDV83MkOuHPRHtSXKKU99IBazS/2w==

"vite@npm:rolldown-vite@latest":
  version "6.3.14"
  resolved "https://registry.yarnpkg.com/rolldown-vite/-/rolldown-vite-6.3.14.tgz#18405f3bf84821ed81168aa1ff68d3afcea4c513"
  integrity sha512-s52IUzVikVzxBKUBobAUNBTy7/6YXB69HJjFLbU1y+Bhn9kEgPYfEtWofIgm1uqTWXvDjtsBC1gmwhey3EQuvw==
  dependencies:
    "@oxc-project/runtime" "0.72.1"
    fdir "^6.4.4"
    lightningcss "^1.30.0"
    picomatch "^4.0.2"
    postcss "^8.5.3"
    rolldown "1.0.0-beta.10-commit.ac4e5db"
    tinyglobby "^0.2.13"
  optionalDependencies:
    fsevents "~2.3.3"
